
Microsoft Visual Studio Solution File, Format Version 12.00
# Visual Studio Version 17
VisualStudioVersion = 17.8.34322.80
MinimumVisualStudioVersion = 10.0.40219.1
Project("{FAE04EC0-301F-11D3-BF4B-00C04F79EFBC}") = "Blazor_LineChart", "Blazor_LineChart\Blazor_LineChart.csproj", "{7D9EA7B6-AAB3-4EBB-B57B-FF2DC945346E}"
EndProject
Project("{FAE04EC0-301F-11D3-BF4B-00C04F79EFBC}") = "Blazor_LineChart.Client", "Blazor_LineChart.Client\Blazor_LineChart.Client.csproj", "{27D29594-AFAE-476F-AE0A-75566F229093}"
EndProject
Global
	GlobalSection(SolutionConfigurationPlatforms) = preSolution
		Debug|Any CPU = Debug|Any CPU
		Release|Any CPU = Release|Any CPU
	EndGlobalSection
	GlobalSection(ProjectConfigurationPlatforms) = postSolution
		{7D9EA7B6-AAB3-4EBB-B57B-FF2DC945346E}.Debug|Any CPU.ActiveCfg = Debug|Any CPU
		{7D9EA7B6-AAB3-4EBB-B57B-FF2DC945346E}.Debug|Any CPU.Build.0 = Debug|Any CPU
		{7D9EA7B6-AAB3-4EBB-B57B-FF2DC945346E}.Release|Any CPU.ActiveCfg = Release|Any CPU
		{7D9EA7B6-AAB3-4EBB-B57B-FF2DC945346E}.Release|Any CPU.Build.0 = Release|Any CPU
		{27D29594-AFAE-476F-AE0A-75566F229093}.Debug|Any CPU.ActiveCfg = Debug|Any CPU
		{27D29594-AFAE-476F-AE0A-75566F229093}.Debug|Any CPU.Build.0 = Debug|Any CPU
		{27D29594-AFAE-476F-AE0A-75566F229093}.Release|Any CPU.ActiveCfg = Release|Any CPU
		{27D29594-AFAE-476F-AE0A-75566F229093}.Release|Any CPU.Build.0 = Release|Any CPU
	EndGlobalSection
	GlobalSection(SolutionProperties) = preSolution
		HideSolutionNode = FALSE
	EndGlobalSection
	GlobalSection(ExtensibilityGlobals) = postSolution
		SolutionGuid = {137C8F08-0FBB-4C66-9073-A2B0F098A76C}
	EndGlobalSection
EndGlobal
