
Microsoft Visual Studio Solution File, Format Version 12.00
# Visual Studio Version 17
VisualStudioVersion = 17.8.34322.80
MinimumVisualStudioVersion = 10.0.40219.1
Project("{FAE04EC0-301F-11D3-BF4B-00C04F79EFBC}") = "Blazor_ColumnChart", "Blazor_ColumnChart\Blazor_ColumnChart.csproj", "{C25C7660-02EA-4CA2-A7E1-359583150F4A}"
EndProject
Project("{FAE04EC0-301F-11D3-BF4B-00C04F79EFBC}") = "Blazor_ColumnChart.Client", "Blazor_ColumnChart.Client\Blazor_ColumnChart.Client.csproj", "{AB8605C1-0AA0-4DE6-9320-82A511A091CB}"
EndProject
Global
	GlobalSection(SolutionConfigurationPlatforms) = preSolution
		Debug|Any CPU = Debug|Any CPU
		Release|Any CPU = Release|Any CPU
	EndGlobalSection
	GlobalSection(ProjectConfigurationPlatforms) = postSolution
		{C25C7660-02EA-4CA2-A7E1-359583150F4A}.Debug|Any CPU.ActiveCfg = Debug|Any CPU
		{C25C7660-02EA-4CA2-A7E1-359583150F4A}.Debug|Any CPU.Build.0 = Debug|Any CPU
		{C25C7660-02EA-4CA2-A7E1-359583150F4A}.Release|Any CPU.ActiveCfg = Release|Any CPU
		{C25C7660-02EA-4CA2-A7E1-359583150F4A}.Release|Any CPU.Build.0 = Release|Any CPU
		{AB8605C1-0AA0-4DE6-9320-82A511A091CB}.Debug|Any CPU.ActiveCfg = Debug|Any CPU
		{AB8605C1-0AA0-4DE6-9320-82A511A091CB}.Debug|Any CPU.Build.0 = Debug|Any CPU
		{AB8605C1-0AA0-4DE6-9320-82A511A091CB}.Release|Any CPU.ActiveCfg = Release|Any CPU
		{AB8605C1-0AA0-4DE6-9320-82A511A091CB}.Release|Any CPU.Build.0 = Release|Any CPU
	EndGlobalSection
	GlobalSection(SolutionProperties) = preSolution
		HideSolutionNode = FALSE
	EndGlobalSection
	GlobalSection(ExtensibilityGlobals) = postSolution
		SolutionGuid = {C0680C0C-5136-4F3E-93DF-3302E908BCFB}
	EndGlobalSection
EndGlobal
